
Microsoft Visual Studio Solution File, Format Version 12.00
# Visual Studio 14
VisualStudioVersion = 14.0.23107.0
MinimumVisualStudioVersion = 10.0.40219.1
Project("{FAE04EC0-301F-11D3-BF4B-00C04F79EFBC}") = "PetBASIC3", "PetBASIC3\PetBASIC3.csproj", "{5132EE1C-6211-4999-9C2D-7D153C30B77D}"
EndProject
Project("{FAE04EC0-301F-11D3-BF4B-00C04F79EFBC}") = "PetBASIC3Test", "PetBASIC3Test\PetBASIC3Test.csproj", "{5330D3AD-326B-4D20-B354-38F2160281E2}"
EndProject
Global
	GlobalSection(SolutionConfigurationPlatforms) = preSolution
		Debug|Any CPU = Debug|Any CPU
		Release|Any CPU = Release|Any CPU
	EndGlobalSection
	GlobalSection(ProjectConfigurationPlatforms) = postSolution
		{5132EE1C-6211-4999-9C2D-7D153C30B77D}.Debug|Any CPU.ActiveCfg = Debug|Any CPU
		{5132EE1C-6211-4999-9C2D-7D153C30B77D}.Debug|Any CPU.Build.0 = Debug|Any CPU
		{5132EE1C-6211-4999-9C2D-7D153C30B77D}.Release|Any CPU.ActiveCfg = Release|Any CPU
		{5132EE1C-6211-4999-9C2D-7D153C30B77D}.Release|Any CPU.Build.0 = Release|Any CPU
		{5330D3AD-326B-4D20-B354-38F2160281E2}.Debug|Any CPU.ActiveCfg = Debug|Any CPU
		{5330D3AD-326B-4D20-B354-38F2160281E2}.Debug|Any CPU.Build.0 = Debug|Any CPU
		{5330D3AD-326B-4D20-B354-38F2160281E2}.Release|Any CPU.ActiveCfg = Release|Any CPU
		{5330D3AD-326B-4D20-B354-38F2160281E2}.Release|Any CPU.Build.0 = Release|Any CPU
	EndGlobalSection
	GlobalSection(SolutionProperties) = preSolution
		HideSolutionNode = FALSE
	EndGlobalSection
EndGlobal
